
Microsoft Visual Studio Solution File, Format Version 12.00
# Visual Studio Version 16
VisualStudioVersion = 16.0.31005.135
MinimumVisualStudioVersion = 10.0.40219.1
Project("{FAE04EC0-301F-11D3-BF4B-00C04F79EFBC}") = "CreateDatabase", "CreateDatabase\CreateDatabase.csproj", "{CFF432B0-29E1-45D0-AD03-344603C0061F}"
EndProject
Global
	GlobalSection(SolutionConfigurationPlatforms) = preSolution
		Debug|Any CPU = Debug|Any CPU
		Release|Any CPU = Release|Any CPU
	EndGlobalSection
	GlobalSection(ProjectConfigurationPlatforms) = postSolution
		{CFF432B0-29E1-45D0-AD03-344603C0061F}.Debug|Any CPU.ActiveCfg = Debug|Any CPU
		{CFF432B0-29E1-45D0-AD03-344603C0061F}.Debug|Any CPU.Build.0 = Debug|Any CPU
		{CFF432B0-29E1-45D0-AD03-344603C0061F}.Release|Any CPU.ActiveCfg = Release|Any CPU
		{CFF432B0-29E1-45D0-AD03-344603C0061F}.Release|Any CPU.Build.0 = Release|Any CPU
	EndGlobalSection
	GlobalSection(SolutionProperties) = preSolution
		HideSolutionNode = FALSE
	EndGlobalSection
	GlobalSection(ExtensibilityGlobals) = postSolution
		SolutionGuid = {58E841B9-7B66-4726-85A2-1BE64AEA21D0}
	EndGlobalSection
EndGlobal
